// !$*UTF8*$!
{
	archiveVersion = 1;
	classes = {
	};
	objectVersion = 46;
	objects = {

/* Begin PBXBuildFile section */
		8D856A181F95DF7300E57C81 /* AppDelegate.swift in Sources */ = {isa = PBXBuildFile; fileRef = 8D856A171F95DF7300E57C81 /* AppDelegate.swift */; };
		8D856A1A1F95DF7300E57C81 /* ViewController.swift in Sources */ = {isa = PBXBuildFile; fileRef = 8D856A191F95DF7300E57C81 /* ViewController.swift */; };
		8D856A1D1F95DF7300E57C81 /* Main.storyboard in Resources */ = {isa = PBXBuildFile; fileRef = 8D856A1B1F95DF7300E57C81 /* Main.storyboard */; };
		8D856A1F1F95DF7300E57C81 /* Assets.xcassets in Resources */ = {isa = PBXBuildFile; fileRef = 8D856A1E1F95DF7300E57C81 /* Assets.xcassets */; };
		8D856A2E1F95DFC600E57C81 /* amc.mp4 in Resources */ = {isa = PBXBuildFile; fileRef = 8D856A261F95DFC600E57C81 /* amc.mp4 */; };
		8D856A2F1F95DFC600E57C81 /* cbs.mp4 in Resources */ = {isa = PBXBuildFile; fileRef = 8D856A271F95DFC600E57C81 /* cbs.mp4 */; };
		8D856A301F95DFC600E57C81 /* cnn.mp4 in Resources */ = {isa = PBXBuildFile; fileRef = 8D856A281F95DFC600E57C81 /* cnn.mp4 */; };
		8D856A311F95DFC600E57C81 /* csn.mp4 in Resources */ = {isa = PBXBuildFile; fileRef = 8D856A291F95DFC600E57C81 /* csn.mp4 */; };
		8D856A321F95DFC600E57C81 /* espn.mp4 in Resources */ = {isa = PBXBuildFile; fileRef = 8D856A2A1F95DFC600E57C81 /* espn.mp4 */; };
		8D856A331F95DFC600E57C81 /* fox.mp4 in Resources */ = {isa = PBXBuildFile; fileRef = 8D856A2B1F95DFC600E57C81 /* fox.mp4 */; };
		8D856A341F95DFC600E57C81 /* hbo.mp4 in Resources */ = {isa = PBXBuildFile; fileRef = 8D856A2C1F95DFC600E57C81 /* hbo.mp4 */; };
		8D856A351F95DFC600E57C81 /* hsn.mp4 in Resources */ = {isa = PBXBuildFile; fileRef = 8D856A2D1F95DFC600E57C81 /* hsn.mp4 */; };
		8D856A371F95E20600E57C81 /* main.swift in Sources */ = {isa = PBXBuildFile; fileRef = 8D856A361F95E20600E57C81 /* main.swift */; };
		8D856A391F95E21400E57C81 /* UIApplication.swift in Sources */ = {isa = PBXBuildFile; fileRef = 8D856A381F95E21400E57C81 /* UIApplication.swift */; };
		8D856A3B1F95E33E00E57C81 /* PageViewController.swift in Sources */ = {isa = PBXBuildFile; fileRef = 8D856A3A1F95E33E00E57C81 /* PageViewController.swift */; };
/* End PBXBuildFile section */

/* Begin PBXFileReference section */
		8D856A141F95DF7300E57C81 /* Channel Change Preview.app */ = {isa = PBXFileReference; explicitFileType = wrapper.application; includeInIndex = 0; path = "Channel Change Preview.app"; sourceTree = BUILT_PRODUCTS_DIR; };
		8D856A171F95DF7300E57C81 /* AppDelegate.swift */ = {isa = PBXFileReference; lastKnownFileType = sourcecode.swift; path = AppDelegate.swift; sourceTree = "<group>"; };
		8D856A191F95DF7300E57C81 /* ViewController.swift */ = {isa = PBXFileReference; lastKnownFileType = sourcecode.swift; path = ViewController.swift; sourceTree = "<group>"; };
		8D856A1C1F95DF7300E57C81 /* Base */ = {isa = PBXFileReference; lastKnownFileType = file.storyboard; name = Base; path = Base.lproj/Main.storyboard; sourceTree = "<group>"; };
		8D856A1E1F95DF7300E57C81 /* Assets.xcassets */ = {isa = PBXFileReference; lastKnownFileType = folder.assetcatalog; path = Assets.xcassets; sourceTree = "<group>"; };
		8D856A201F95DF7300E57C81 /* Info.plist */ = {isa = PBXFileReference; lastKnownFileType = text.plist.xml; path = Info.plist; sourceTree = "<group>"; };
		8D856A261F95DFC600E57C81 /* amc.mp4 */ = {isa = PBXFileReference; lastKnownFileType = file; path = amc.mp4; sourceTree = "<group>"; };
		8D856A271F95DFC600E57C81 /* cbs.mp4 */ = {isa = PBXFileReference; lastKnownFileType = file; path = cbs.mp4; sourceTree = "<group>"; };
		8D856A281F95DFC600E57C81 /* cnn.mp4 */ = {isa = PBXFileReference; lastKnownFileType = file; path = cnn.mp4; sourceTree = "<group>"; };
		8D856A291F95DFC600E57C81 /* csn.mp4 */ = {isa = PBXFileReference; lastKnownFileType = file; path = csn.mp4; sourceTree = "<group>"; };
		8D856A2A1F95DFC600E57C81 /* espn.mp4 */ = {isa = PBXFileReference; lastKnownFileType = file; path = espn.mp4; sourceTree = "<group>"; };
		8D856A2B1F95DFC600E57C81 /* fox.mp4 */ = {isa = PBXFileReference; lastKnownFileType = file; path = fox.mp4; sourceTree = "<group>"; };
		8D856A2C1F95DFC600E57C81 /* hbo.mp4 */ = {isa = PBXFileReference; lastKnownFileType = file; path = hbo.mp4; sourceTree = "<group>"; };
		8D856A2D1F95DFC600E57C81 /* hsn.mp4 */ = {isa = PBXFileReference; lastKnownFileType = file; path = hsn.mp4; sourceTree = "<group>"; };
		8D856A361F95E20600E57C81 /* main.swift */ = {isa = PBXFileReference; fileEncoding = 4; lastKnownFileType = sourcecode.swift; path = main.swift; sourceTree = "<group>"; };
		8D856A381F95E21400E57C81 /* UIApplication.swift */ = {isa = PBXFileReference; fileEncoding = 4; lastKnownFileType = sourcecode.swift; path = UIApplication.swift; sourceTree = "<group>"; };
		8D856A3A1F95E33E00E57C81 /* PageViewController.swift */ = {isa = PBXFileReference; fileEncoding = 4; lastKnownFileType = sourcecode.swift; path = PageViewController.swift; sourceTree = "<group>"; };
/* End PBXFileReference section */

/* Begin PBXFrameworksBuildPhase section */
		8D856A111F95DF7300E57C81 /* Frameworks */ = {
			isa = PBXFrameworksBuildPhase;
			buildActionMask = 2147483647;
			files = (
			);
			runOnlyForDeploymentPostprocessing = 0;
		};
/* End PBXFrameworksBuildPhase section */

/* Begin PBXGroup section */
		8D856A0B1F95DF7300E57C81 = {
			isa = PBXGroup;
			children = (
				8D856A261F95DFC600E57C81 /* amc.mp4 */,
				8D856A271F95DFC600E57C81 /* cbs.mp4 */,
				8D856A281F95DFC600E57C81 /* cnn.mp4 */,
				8D856A291F95DFC600E57C81 /* csn.mp4 */,
				8D856A2A1F95DFC600E57C81 /* espn.mp4 */,
				8D856A2B1F95DFC600E57C81 /* fox.mp4 */,
				8D856A2C1F95DFC600E57C81 /* hbo.mp4 */,
				8D856A2D1F95DFC600E57C81 /* hsn.mp4 */,
				8D856A161F95DF7300E57C81 /* Channel Change Preview */,
				8D856A151F95DF7300E57C81 /* Products */,
			);
			sourceTree = "<group>";
		};
		8D856A151F95DF7300E57C81 /* Products */ = {
			isa = PBXGroup;
			children = (
				8D856A141F95DF7300E57C81 /* Channel Change Preview.app */,
			);
			name = Products;
			sourceTree = "<group>";
		};
		8D856A161F95DF7300E57C81 /* Channel Change Preview */ = {
			isa = PBXGroup;
			children = (
				8D856A171F95DF7300E57C81 /* AppDelegate.swift */,
				8D856A361F95E20600E57C81 /* main.swift */,
				8D856A381F95E21400E57C81 /* UIApplication.swift */,
				8D856A191F95DF7300E57C81 /* ViewController.swift */,
				8D856A3A1F95E33E00E57C81 /* PageViewController.swift */,
				8D856A1B1F95DF7300E57C81 /* Main.storyboard */,
				8D856A1E1F95DF7300E57C81 /* Assets.xcassets */,
				8D856A201F95DF7300E57C81 /* Info.plist */,
			);
			path = "Channel Change Preview";
			sourceTree = "<group>";
		};
/* End PBXGroup section */

/* Begin PBXNativeTarget section */
		8D856A131F95DF7300E57C81 /* Channel Change Preview */ = {
			isa = PBXNativeTarget;
			buildConfigurationList = 8D856A231F95DF7300E57C81 /* Build configuration list for PBXNativeTarget "Channel Change Preview" */;
			buildPhases = (
				8D856A101F95DF7300E57C81 /* Sources */,
				8D856A111F95DF7300E57C81 /* Frameworks */,
				8D856A121F95DF7300E57C81 /* Resources */,
			);
			buildRules = (
			);
			dependencies = (
			);
			name = "Channel Change Preview";
			productName = "Channel Change Preview";
			productReference = 8D856A141F95DF7300E57C81 /* Channel Change Preview.app */;
			productType = "com.apple.product-type.application";
		};
/* End PBXNativeTarget section */

/* Begin PBXProject section */
		8D856A0C1F95DF7300E57C81 /* Project object */ = {
			isa = PBXProject;
			attributes = {
				LastSwiftUpdateCheck = 0830;
				LastUpgradeCheck = 0830;
				ORGANIZATIONNAME = "DOMINGUEZ, LEO";
				TargetAttributes = {
					8D856A131F95DF7300E57C81 = {
						CreatedOnToolsVersion = 8.3.3;
						DevelopmentTeam = KST42Q5799;
						ProvisioningStyle = Automatic;
					};
				};
			};
			buildConfigurationList = 8D856A0F1F95DF7300E57C81 /* Build configuration list for PBXProject "Channel Change Preview" */;
			compatibilityVersion = "Xcode 3.2";
			developmentRegion = English;
			hasScannedForEncodings = 0;
			knownRegions = (
				en,
				Base,
			);
			mainGroup = 8D856A0B1F95DF7300E57C81;
			productRefGroup = 8D856A151F95DF7300E57C81 /* Products */;
			projectDirPath = "";
			projectRoot = "";
			targets = (
				8D856A131F95DF7300E57C81 /* Channel Change Preview */,
			);
		};
/* End PBXProject section */

/* Begin PBXResourcesBuildPhase section */
		8D856A121F95DF7300E57C81 /* Resources */ = {
			isa = PBXResourcesBuildPhase;
			buildActionMask = 2147483647;
			files = (
				8D856A1F1F95DF7300E57C81 /* Assets.xcassets in Resources */,
				8D856A1D1F95DF7300E57C81 /* Main.storyboard in Resources */,
				8D856A2E1F95DFC600E57C81 /* amc.mp4 in Resources */,
				8D856A2F1F95DFC600E57C81 /* cbs.mp4 in Resources */,
				8D856A301F95DFC600E57C81 /* cnn.mp4 in Resources */,
				8D856A311F95DFC600E57C81 /* csn.mp4 in Resources */,
				8D856A321F95DFC600E57C81 /* espn.mp4 in Resources */,
				8D856A331F95DFC600E57C81 /* fox.mp4 in Resources */,
				8D856A341F95DFC600E57C81 /* hbo.mp4 in Resources */,
				8D856A351F95DFC600E57C81 /* hsn.mp4 in Resources */,
			);
			runOnlyForDeploymentPostprocessing = 0;
		};
/* End PBXResourcesBuildPhase section */

/* Begin PBXSourcesBuildPhase section */
		8D856A101F95DF7300E57C81 /* Sources */ = {
			isa = PBXSourcesBuildPhase;
			buildActionMask = 2147483647;
			files = (
				8D856A391F95E21400E57C81 /* UIApplication.swift in Sources */,
				8D856A3B1F95E33E00E57C81 /* PageViewController.swift in Sources */,
				8D856A1A1F95DF7300E57C81 /* ViewController.swift in Sources */,
				8D856A181F95DF7300E57C81 /* AppDelegate.swift in Sources */,
				8D856A371F95E20600E57C81 /* main.swift in Sources */,
			);
			runOnlyForDeploymentPostprocessing = 0;
		};
/* End PBXSourcesBuildPhase section */

/* Begin PBXVariantGroup section */
		8D856A1B1F95DF7300E57C81 /* Main.storyboard */ = {
			isa = PBXVariantGroup;
			children = (
				8D856A1C1F95DF7300E57C81 /* Base */,
			);
			name = Main.storyboard;
			sourceTree = "<group>";
		};
/* End PBXVariantGroup section */

/* Begin XCBuildConfiguration section */
		8D856A211F95DF7300E57C81 /* Debug */ = {
			isa = XCBuildConfiguration;
			buildSettings = {
				ALWAYS_SEARCH_USER_PATHS = NO;
				CLANG_ANALYZER_NONNULL = YES;
				CLANG_ANALYZER_NUMBER_OBJECT_CONVERSION = YES_AGGRESSIVE;
				CLANG_CXX_LANGUAGE_STANDARD = "gnu++0x";
				CLANG_CXX_LIBRARY = "libc++";
				CLANG_ENABLE_MODULES = YES;
				CLANG_ENABLE_OBJC_ARC = YES;
				CLANG_WARN_BOOL_CONVERSION = YES;
				CLANG_WARN_CONSTANT_CONVERSION = YES;
				CLANG_WARN_DIRECT_OBJC_ISA_USAGE = YES_ERROR;
				CLANG_WARN_DOCUMENTATION_COMMENTS = YES;
				CLANG_WARN_EMPTY_BODY = YES;
				CLANG_WARN_ENUM_CONVERSION = YES;
				CLANG_WARN_INFINITE_RECURSION = YES;
				CLANG_WARN_INT_CONVERSION = YES;
				CLANG_WARN_OBJC_ROOT_CLASS = YES_ERROR;
				CLANG_WARN_SUSPICIOUS_MOVE = YES;
				CLANG_WARN_UNREACHABLE_CODE = YES;
				CLANG_WARN__DUPLICATE_METHOD_MATCH = YES;
				COPY_PHASE_STRIP = NO;
				DEBUG_INFORMATION_FORMAT = dwarf;
				ENABLE_STRICT_OBJC_MSGSEND = YES;
				ENABLE_TESTABILITY = YES;
				GCC_C_LANGUAGE_STANDARD = gnu99;
				GCC_DYNAMIC_NO_PIC = NO;
				GCC_NO_COMMON_BLOCKS = YES;
				GCC_OPTIMIZATION_LEVEL = 0;
				GCC_PREPROCESSOR_DEFINITIONS = (
					"DEBUG=1",
					"$(inherited)",
				);
				GCC_WARN_64_TO_32_BIT_CONVERSION = YES;
				GCC_WARN_ABOUT_RETURN_TYPE = YES_ERROR;
				GCC_WARN_UNDECLARED_SELECTOR = YES;
				GCC_WARN_UNINITIALIZED_AUTOS = YES_AGGRESSIVE;
				GCC_WARN_UNUSED_FUNCTION = YES;
				GCC_WARN_UNUSED_VARIABLE = YES;
				MTL_ENABLE_DEBUG_INFO = YES;
				ONLY_ACTIVE_ARCH = YES;
				SDKROOT = appletvos;
				SWIFT_ACTIVE_COMPILATION_CONDITIONS = DEBUG;
				SWIFT_OPTIMIZATION_LEVEL = "-Onone";
				TARGETED_DEVICE_FAMILY = 3;
				TVOS_DEPLOYMENT_TARGET = 10.2;
			};
			name = Debug;
		};
		8D856A221F95DF7300E57C81 /* Release */ = {
			isa = XCBuildConfiguration;
			buildSettings = {
				ALWAYS_SEARCH_USER_PATHS = NO;
				CLANG_ANALYZER_NONNULL = YES;
				CLANG_ANALYZER_NUMBER_OBJECT_CONVERSION = YES_AGGRESSIVE;
				CLANG_CXX_LANGUAGE_STANDARD = "gnu++0x";
				CLANG_CXX_LIBRARY = "libc++";
				CLANG_ENABLE_MODULES = YES;
				CLANG_ENABLE_OBJC_ARC = YES;
				CLANG_WARN_BOOL_CONVERSION = YES;
				CLANG_WARN_CONSTANT_CONVERSION = YES;
				CLANG_WARN_DIRECT_OBJC_ISA_USAGE = YES_ERROR;
				CLANG_WARN_DOCUMENTATION_COMMENTS = YES;
				CLANG_WARN_EMPTY_BODY = YES;
				CLANG_WARN_ENUM_CONVERSION = YES;
				CLANG_WARN_INFINITE_RECURSION = YES;
				CLANG_WARN_INT_CONVERSION = YES;
				CLANG_WARN_OBJC_ROOT_CLASS = YES_ERROR;
				CLANG_WARN_SUSPICIOUS_MOVE = YES;
				CLANG_WARN_UNREACHABLE_CODE = YES;
				CLANG_WARN__DUPLICATE_METHOD_MATCH = YES;
				COPY_PHASE_STRIP = NO;
				DEBUG_INFORMATION_FORMAT = "dwarf-with-dsym";
				ENABLE_NS_ASSERTIONS = NO;
				ENABLE_STRICT_OBJC_MSGSEND = YES;
				GCC_C_LANGUAGE_STANDARD = gnu99;
				GCC_NO_COMMON_BLOCKS = YES;
				GCC_WARN_64_TO_32_BIT_CONVERSION = YES;
				GCC_WARN_ABOUT_RETURN_TYPE = YES_ERROR;
				GCC_WARN_UNDECLARED_SELECTOR = YES;
				GCC_WARN_UNINITIALIZED_AUTOS = YES_AGGRESSIVE;
				GCC_WARN_UNUSED_FUNCTION = YES;
				GCC_WARN_UNUSED_VARIABLE = YES;
				MTL_ENABLE_DEBUG_INFO = NO;
				SDKROOT = appletvos;
				SWIFT_OPTIMIZATION_LEVEL = "-Owholemodule";
				TARGETED_DEVICE_FAMILY = 3;
				TVOS_DEPLOYMENT_TARGET = 10.2;
				VALIDATE_PRODUCT = YES;
			};
			name = Release;
		};
		8D856A241F95DF7300E57C81 /* Debug */ = {
			isa = XCBuildConfiguration;
			buildSettings = {
				ASSETCATALOG_COMPILER_APPICON_NAME = "App Icon & Top Shelf Image";
				ASSETCATALOG_COMPILER_LAUNCHIMAGE_NAME = LaunchImage;
				DEVELOPMENT_TEAM = KST42Q5799;
				INFOPLIST_FILE = "Channel Change Preview/Info.plist";
				LD_RUNPATH_SEARCH_PATHS = "$(inherited) @executable_path/Frameworks";
				PRODUCT_BUNDLE_IDENTIFIER = "domingl.Channel-Change-Preview";
				PRODUCT_NAME = "$(TARGET_NAME)";
				SWIFT_VERSION = 3.0;
			};
			name = Debug;
		};
		8D856A251F95DF7300E57C81 /* Release */ = {
			isa = XCBuildConfiguration;
			buildSettings = {
				ASSETCATALOG_COMPILER_APPICON_NAME = "App Icon & Top Shelf Image";
				ASSETCATALOG_COMPILER_LAUNCHIMAGE_NAME = LaunchImage;
				DEVELOPMENT_TEAM = KST42Q5799;
				INFOPLIST_FILE = "Channel Change Preview/Info.plist";
				LD_RUNPATH_SEARCH_PATHS = "$(inherited) @executable_path/Frameworks";
				PRODUCT_BUNDLE_IDENTIFIER = "domingl.Channel-Change-Preview";
				PRODUCT_NAME = "$(TARGET_NAME)";
				SWIFT_VERSION = 3.0;
			};
			name = Release;
		};
/* End XCBuildConfiguration section */

/* Begin XCConfigurationList section */
		8D856A0F1F95DF7300E57C81 /* Build configuration list for PBXProject "Channel Change Preview" */ = {
			isa = XCConfigurationList;
			buildConfigurations = (
				8D856A211F95DF7300E57C81 /* Debug */,
				8D856A221F95DF7300E57C81 /* Release */,
			);
			defaultConfigurationIsVisible = 0;
			defaultConfigurationName = Release;
		};
		8D856A231F95DF7300E57C81 /* Build configuration list for PBXNativeTarget "Channel Change Preview" */ = {
			isa = XCConfigurationList;
			buildConfigurations = (
				8D856A241F95DF7300E57C81 /* Debug */,
				8D856A251F95DF7300E57C81 /* Release */,
			);
			defaultConfigurationIsVisible = 0;
		};
/* End XCConfigurationList section */
	};
	rootObject = 8D856A0C1F95DF7300E57C81 /* Project object */;
}
